
Microsoft Visual Studio Solution File, Format Version 12.00
# Visual Studio Version 16
VisualStudioVersion = 16.0.29709.97
MinimumVisualStudioVersion = 10.0.40219.1
Project("{FAE04EC0-301F-11D3-BF4B-00C04F79EFBC}") = "CodeWars", "CodeWars\CodeWars.csproj", "{4596ACBF-4452-454F-93C9-54AB45B8A986}"
EndProject
Project("{FAE04EC0-301F-11D3-BF4B-00C04F79EFBC}") = "FriendOrFoe", "FriendOrFoe\FriendOrFoe.csproj", "{746119FF-468C-46BA-BF0A-108CFC27F491}"
EndProject
Global
	GlobalSection(SolutionConfigurationPlatforms) = preSolution
		Debug|Any CPU = Debug|Any CPU
		Release|Any CPU = Release|Any CPU
	EndGlobalSection
	GlobalSection(ProjectConfigurationPlatforms) = postSolution
		{4596ACBF-4452-454F-93C9-54AB45B8A986}.Debug|Any CPU.ActiveCfg = Debug|Any CPU
		{4596ACBF-4452-454F-93C9-54AB45B8A986}.Debug|Any CPU.Build.0 = Debug|Any CPU
		{4596ACBF-4452-454F-93C9-54AB45B8A986}.Release|Any CPU.ActiveCfg = Release|Any CPU
		{4596ACBF-4452-454F-93C9-54AB45B8A986}.Release|Any CPU.Build.0 = Release|Any CPU
		{746119FF-468C-46BA-BF0A-108CFC27F491}.Debug|Any CPU.ActiveCfg = Debug|Any CPU
		{746119FF-468C-46BA-BF0A-108CFC27F491}.Debug|Any CPU.Build.0 = Debug|Any CPU
		{746119FF-468C-46BA-BF0A-108CFC27F491}.Release|Any CPU.ActiveCfg = Release|Any CPU
		{746119FF-468C-46BA-BF0A-108CFC27F491}.Release|Any CPU.Build.0 = Release|Any CPU
	EndGlobalSection
	GlobalSection(SolutionProperties) = preSolution
		HideSolutionNode = FALSE
	EndGlobalSection
	GlobalSection(ExtensibilityGlobals) = postSolution
		SolutionGuid = {CCAF9C31-1218-44B5-91CE-DE6CFAC372B4}
	EndGlobalSection
EndGlobal
