
Microsoft Visual Studio Solution File, Format Version 12.00
# Visual Studio Version 16
VisualStudioVersion = 16.0.29709.97
MinimumVisualStudioVersion = 10.0.40219.1
Project("{9A19103F-16F7-4668-BE54-9A1E7A4F7556}") = "CodeWars", "CodeWars\CodeWars.csproj", "{4596ACBF-4452-454F-93C9-54AB45B8A986}"
EndProject
Project("{9A19103F-16F7-4668-BE54-9A1E7A4F7556}") = "FriendOrFoe", "FriendOrFoe\FriendOrFoe.csproj", "{746119FF-468C-46BA-BF0A-108CFC27F491}"
EndProject
Project("{9A19103F-16F7-4668-BE54-9A1E7A4F7556}") = "SBMeme", "SBMeme\SBMeme.csproj", "{D606C6FB-D204-441F-98C3-60DDF4217429}"
EndProject
Project("{FAE04EC0-301F-11D3-BF4B-00C04F79EFBC}") = "OrderStringArray", "OrderStringArray\OrderStringArray.csproj", "{0579C552-9EBC-46FB-896D-6C570CF4A37D}"
EndProject
Global
	GlobalSection(SolutionConfigurationPlatforms) = preSolution
		Debug|Any CPU = Debug|Any CPU
		Release|Any CPU = Release|Any CPU
	EndGlobalSection
	GlobalSection(ProjectConfigurationPlatforms) = postSolution
		{4596ACBF-4452-454F-93C9-54AB45B8A986}.Debug|Any CPU.ActiveCfg = Debug|Any CPU
		{4596ACBF-4452-454F-93C9-54AB45B8A986}.Debug|Any CPU.Build.0 = Debug|Any CPU
		{4596ACBF-4452-454F-93C9-54AB45B8A986}.Release|Any CPU.ActiveCfg = Release|Any CPU
		{4596ACBF-4452-454F-93C9-54AB45B8A986}.Release|Any CPU.Build.0 = Release|Any CPU
		{746119FF-468C-46BA-BF0A-108CFC27F491}.Debug|Any CPU.ActiveCfg = Debug|Any CPU
		{746119FF-468C-46BA-BF0A-108CFC27F491}.Debug|Any CPU.Build.0 = Debug|Any CPU
		{746119FF-468C-46BA-BF0A-108CFC27F491}.Release|Any CPU.ActiveCfg = Release|Any CPU
		{746119FF-468C-46BA-BF0A-108CFC27F491}.Release|Any CPU.Build.0 = Release|Any CPU
		{D606C6FB-D204-441F-98C3-60DDF4217429}.Debug|Any CPU.ActiveCfg = Debug|Any CPU
		{D606C6FB-D204-441F-98C3-60DDF4217429}.Debug|Any CPU.Build.0 = Debug|Any CPU
		{D606C6FB-D204-441F-98C3-60DDF4217429}.Release|Any CPU.ActiveCfg = Release|Any CPU
		{D606C6FB-D204-441F-98C3-60DDF4217429}.Release|Any CPU.Build.0 = Release|Any CPU
		{0579C552-9EBC-46FB-896D-6C570CF4A37D}.Debug|Any CPU.ActiveCfg = Debug|Any CPU
		{0579C552-9EBC-46FB-896D-6C570CF4A37D}.Debug|Any CPU.Build.0 = Debug|Any CPU
		{0579C552-9EBC-46FB-896D-6C570CF4A37D}.Release|Any CPU.ActiveCfg = Release|Any CPU
		{0579C552-9EBC-46FB-896D-6C570CF4A37D}.Release|Any CPU.Build.0 = Release|Any CPU
	EndGlobalSection
	GlobalSection(SolutionProperties) = preSolution
		HideSolutionNode = FALSE
	EndGlobalSection
	GlobalSection(ExtensibilityGlobals) = postSolution
		SolutionGuid = {CCAF9C31-1218-44B5-91CE-DE6CFAC372B4}
	EndGlobalSection
EndGlobal
