
Microsoft Visual Studio Solution File, Format Version 12.00
# Visual Studio Version 16
VisualStudioVersion = 16.0.29709.97
MinimumVisualStudioVersion = 10.0.40219.1
Project("{9A19103F-16F7-4668-BE54-9A1E7A4F7556}") = "CodeWars", "CodeWars\CodeWars.csproj", "{4596ACBF-4452-454F-93C9-54AB45B8A986}"
EndProject
Project("{9A19103F-16F7-4668-BE54-9A1E7A4F7556}") = "FriendOrFoe", "FriendOrFoe\FriendOrFoe.csproj", "{746119FF-468C-46BA-BF0A-108CFC27F491}"
EndProject
Project("{9A19103F-16F7-4668-BE54-9A1E7A4F7556}") = "SBMeme", "SBMeme\SBMeme.csproj", "{D606C6FB-D204-441F-98C3-60DDF4217429}"
EndProject
Project("{9A19103F-16F7-4668-BE54-9A1E7A4F7556}") = "OrderStringArray", "OrderStringArray\OrderStringArray.csproj", "{0579C552-9EBC-46FB-896D-6C570CF4A37D}"
EndProject
Project("{9A19103F-16F7-4668-BE54-9A1E7A4F7556}") = "Coins", "Coins\Coins.csproj", "{71D4C046-2B25-4BA2-86E8-3A9F5E46B803}"
EndProject
Project("{9A19103F-16F7-4668-BE54-9A1E7A4F7556}") = "CopyArray", "CopyArray\CopyArray.csproj", "{AA1EF95B-5FE6-4563-AB01-F628C69336BC}"
EndProject
Project("{9A19103F-16F7-4668-BE54-9A1E7A4F7556}") = "SquareDigits", "SquareDigits\SquareDigits.csproj", "{350280C7-BE78-4E51-ACEE-E8DABD26F061}"
EndProject
Project("{9A19103F-16F7-4668-BE54-9A1E7A4F7556}") = "ReverseStringCase", "ReverseStringCase\ReverseStringCase.csproj", "{2EBED044-7375-49F1-8815-FA49F482582B}"
EndProject
Project("{9A19103F-16F7-4668-BE54-9A1E7A4F7556}") = "LongestWord", "LongestWord\LongestWord.csproj", "{ABE100BB-BF98-4B98-8D98-73CE2B2C85D5}"
EndProject
Project("{9A19103F-16F7-4668-BE54-9A1E7A4F7556}") = "CountBits", "CountBits\CountBits.csproj", "{2FBDC45D-7B5D-4BA0-98F2-E7900592E3CD}"
EndProject
Project("{FAE04EC0-301F-11D3-BF4B-00C04F79EFBC}") = "SortStringArray", "SortStringArray\SortStringArray.csproj", "{305017A8-004F-4676-A23E-860E1D9D8352}"
EndProject
Global
	GlobalSection(SolutionConfigurationPlatforms) = preSolution
		Debug|Any CPU = Debug|Any CPU
		Release|Any CPU = Release|Any CPU
	EndGlobalSection
	GlobalSection(ProjectConfigurationPlatforms) = postSolution
		{4596ACBF-4452-454F-93C9-54AB45B8A986}.Debug|Any CPU.ActiveCfg = Debug|Any CPU
		{4596ACBF-4452-454F-93C9-54AB45B8A986}.Debug|Any CPU.Build.0 = Debug|Any CPU
		{4596ACBF-4452-454F-93C9-54AB45B8A986}.Release|Any CPU.ActiveCfg = Release|Any CPU
		{4596ACBF-4452-454F-93C9-54AB45B8A986}.Release|Any CPU.Build.0 = Release|Any CPU
		{746119FF-468C-46BA-BF0A-108CFC27F491}.Debug|Any CPU.ActiveCfg = Debug|Any CPU
		{746119FF-468C-46BA-BF0A-108CFC27F491}.Debug|Any CPU.Build.0 = Debug|Any CPU
		{746119FF-468C-46BA-BF0A-108CFC27F491}.Release|Any CPU.ActiveCfg = Release|Any CPU
		{746119FF-468C-46BA-BF0A-108CFC27F491}.Release|Any CPU.Build.0 = Release|Any CPU
		{D606C6FB-D204-441F-98C3-60DDF4217429}.Debug|Any CPU.ActiveCfg = Debug|Any CPU
		{D606C6FB-D204-441F-98C3-60DDF4217429}.Debug|Any CPU.Build.0 = Debug|Any CPU
		{D606C6FB-D204-441F-98C3-60DDF4217429}.Release|Any CPU.ActiveCfg = Release|Any CPU
		{D606C6FB-D204-441F-98C3-60DDF4217429}.Release|Any CPU.Build.0 = Release|Any CPU
		{0579C552-9EBC-46FB-896D-6C570CF4A37D}.Debug|Any CPU.ActiveCfg = Debug|Any CPU
		{0579C552-9EBC-46FB-896D-6C570CF4A37D}.Debug|Any CPU.Build.0 = Debug|Any CPU
		{0579C552-9EBC-46FB-896D-6C570CF4A37D}.Release|Any CPU.ActiveCfg = Release|Any CPU
		{0579C552-9EBC-46FB-896D-6C570CF4A37D}.Release|Any CPU.Build.0 = Release|Any CPU
		{71D4C046-2B25-4BA2-86E8-3A9F5E46B803}.Debug|Any CPU.ActiveCfg = Debug|Any CPU
		{71D4C046-2B25-4BA2-86E8-3A9F5E46B803}.Debug|Any CPU.Build.0 = Debug|Any CPU
		{71D4C046-2B25-4BA2-86E8-3A9F5E46B803}.Release|Any CPU.ActiveCfg = Release|Any CPU
		{71D4C046-2B25-4BA2-86E8-3A9F5E46B803}.Release|Any CPU.Build.0 = Release|Any CPU
		{AA1EF95B-5FE6-4563-AB01-F628C69336BC}.Debug|Any CPU.ActiveCfg = Debug|Any CPU
		{AA1EF95B-5FE6-4563-AB01-F628C69336BC}.Debug|Any CPU.Build.0 = Debug|Any CPU
		{AA1EF95B-5FE6-4563-AB01-F628C69336BC}.Release|Any CPU.ActiveCfg = Release|Any CPU
		{AA1EF95B-5FE6-4563-AB01-F628C69336BC}.Release|Any CPU.Build.0 = Release|Any CPU
		{350280C7-BE78-4E51-ACEE-E8DABD26F061}.Debug|Any CPU.ActiveCfg = Debug|Any CPU
		{350280C7-BE78-4E51-ACEE-E8DABD26F061}.Debug|Any CPU.Build.0 = Debug|Any CPU
		{350280C7-BE78-4E51-ACEE-E8DABD26F061}.Release|Any CPU.ActiveCfg = Release|Any CPU
		{350280C7-BE78-4E51-ACEE-E8DABD26F061}.Release|Any CPU.Build.0 = Release|Any CPU
		{2EBED044-7375-49F1-8815-FA49F482582B}.Debug|Any CPU.ActiveCfg = Debug|Any CPU
		{2EBED044-7375-49F1-8815-FA49F482582B}.Debug|Any CPU.Build.0 = Debug|Any CPU
		{2EBED044-7375-49F1-8815-FA49F482582B}.Release|Any CPU.ActiveCfg = Release|Any CPU
		{2EBED044-7375-49F1-8815-FA49F482582B}.Release|Any CPU.Build.0 = Release|Any CPU
		{ABE100BB-BF98-4B98-8D98-73CE2B2C85D5}.Debug|Any CPU.ActiveCfg = Debug|Any CPU
		{ABE100BB-BF98-4B98-8D98-73CE2B2C85D5}.Debug|Any CPU.Build.0 = Debug|Any CPU
		{ABE100BB-BF98-4B98-8D98-73CE2B2C85D5}.Release|Any CPU.ActiveCfg = Release|Any CPU
		{ABE100BB-BF98-4B98-8D98-73CE2B2C85D5}.Release|Any CPU.Build.0 = Release|Any CPU
		{2FBDC45D-7B5D-4BA0-98F2-E7900592E3CD}.Debug|Any CPU.ActiveCfg = Debug|Any CPU
		{2FBDC45D-7B5D-4BA0-98F2-E7900592E3CD}.Debug|Any CPU.Build.0 = Debug|Any CPU
		{2FBDC45D-7B5D-4BA0-98F2-E7900592E3CD}.Release|Any CPU.ActiveCfg = Release|Any CPU
		{2FBDC45D-7B5D-4BA0-98F2-E7900592E3CD}.Release|Any CPU.Build.0 = Release|Any CPU
		{305017A8-004F-4676-A23E-860E1D9D8352}.Debug|Any CPU.ActiveCfg = Debug|Any CPU
		{305017A8-004F-4676-A23E-860E1D9D8352}.Debug|Any CPU.Build.0 = Debug|Any CPU
		{305017A8-004F-4676-A23E-860E1D9D8352}.Release|Any CPU.ActiveCfg = Release|Any CPU
		{305017A8-004F-4676-A23E-860E1D9D8352}.Release|Any CPU.Build.0 = Release|Any CPU
	EndGlobalSection
	GlobalSection(SolutionProperties) = preSolution
		HideSolutionNode = FALSE
	EndGlobalSection
	GlobalSection(ExtensibilityGlobals) = postSolution
		SolutionGuid = {CCAF9C31-1218-44B5-91CE-DE6CFAC372B4}
	EndGlobalSection
EndGlobal
